{
  "requires": true,
  "lockfileVersion": 1,
  "dependencies": {
    "aframe-spawnpoint-component": {
      "version": "0.1.0",
      "resolved": "https://registry.npmjs.org/aframe-spawnpoint-component/-/aframe-spawnpoint-component-0.1.0.tgz",
      "integrity": "sha512-zwscV2MYrwQn7Mab5k0CQXp9O/2XcVO44LDMjedMrheCA/LXMO51KePaX0Ku/ZpUd3+t9e6KsKAl1GDMAD2gRw=="
    }
  }
}
